
Microsoft Visual Studio Solution File, Format Version 12.00
# Visual Studio Version 17
VisualStudioVersion = 17.14.36518.9 d17.14
MinimumVisualStudioVersion = 10.0.40219.1
Project("{FAE04EC0-301F-11D3-BF4B-00C04F79EFBC}") = "DisasterAlleviationFoundation", "DisasterAlleviationFoundation\DisasterAlleviationFoundation.csproj", "{134DF434-822A-4220-A321-494A37C3D7CA}"
EndProject
Global
	GlobalSection(SolutionConfigurationPlatforms) = preSolution
		Debug|Any CPU = Debug|Any CPU
		Release|Any CPU = Release|Any CPU
	EndGlobalSection
	GlobalSection(ProjectConfigurationPlatforms) = postSolution
		{134DF434-822A-4220-A321-494A37C3D7CA}.Debug|Any CPU.ActiveCfg = Debug|Any CPU
		{134DF434-822A-4220-A321-494A37C3D7CA}.Debug|Any CPU.Build.0 = Debug|Any CPU
		{134DF434-822A-4220-A321-494A37C3D7CA}.Release|Any CPU.ActiveCfg = Release|Any CPU
		{134DF434-822A-4220-A321-494A37C3D7CA}.Release|Any CPU.Build.0 = Release|Any CPU
	EndGlobalSection
	GlobalSection(SolutionProperties) = preSolution
		HideSolutionNode = FALSE
	EndGlobalSection
	GlobalSection(ExtensibilityGlobals) = postSolution
		SolutionGuid = {785663C2-B6D9-470C-99D2-C5093DCFD11D}
	EndGlobalSection
EndGlobal
